
Microsoft Visual Studio Solution File, Format Version 12.00
# Visual Studio Version 17
VisualStudioVersion = 17.10.34916.146
MinimumVisualStudioVersion = 10.0.40219.1
Project("{FAE04EC0-301F-11D3-BF4B-00C04F79EFBC}") = "Quiz", "Quiz\Quiz.csproj", "{CA9361E3-776C-4F39-B27B-ECB5D98CA6A3}"
EndProject
Global
	GlobalSection(SolutionConfigurationPlatforms) = preSolution
		Debug|Any CPU = Debug|Any CPU
		Release|Any CPU = Release|Any CPU
	EndGlobalSection
	GlobalSection(ProjectConfigurationPlatforms) = postSolution
		{CA9361E3-776C-4F39-B27B-ECB5D98CA6A3}.Debug|Any CPU.ActiveCfg = Debug|Any CPU
		{CA9361E3-776C-4F39-B27B-ECB5D98CA6A3}.Debug|Any CPU.Build.0 = Debug|Any CPU
		{CA9361E3-776C-4F39-B27B-ECB5D98CA6A3}.Release|Any CPU.ActiveCfg = Release|Any CPU
		{CA9361E3-776C-4F39-B27B-ECB5D98CA6A3}.Release|Any CPU.Build.0 = Release|Any CPU
	EndGlobalSection
	GlobalSection(SolutionProperties) = preSolution
		HideSolutionNode = FALSE
	EndGlobalSection
	GlobalSection(ExtensibilityGlobals) = postSolution
		SolutionGuid = {50CED0D3-2D4B-4058-B962-D3A893C0E546}
	EndGlobalSection
EndGlobal
