
Microsoft Visual Studio Solution File, Format Version 12.00
# Visual Studio Version 17
VisualStudioVersion = 17.10.34916.146
MinimumVisualStudioVersion = 10.0.40219.1
Project("{FAE04EC0-301F-11D3-BF4B-00C04F79EFBC}") = "Inheritage", "Inheritage\Inheritage.csproj", "{770CF8EB-2CA6-4EA7-A731-65EEF63512E7}"
EndProject
Global
	GlobalSection(SolutionConfigurationPlatforms) = preSolution
		Debug|Any CPU = Debug|Any CPU
		Release|Any CPU = Release|Any CPU
	EndGlobalSection
	GlobalSection(ProjectConfigurationPlatforms) = postSolution
		{770CF8EB-2CA6-4EA7-A731-65EEF63512E7}.Debug|Any CPU.ActiveCfg = Debug|Any CPU
		{770CF8EB-2CA6-4EA7-A731-65EEF63512E7}.Debug|Any CPU.Build.0 = Debug|Any CPU
		{770CF8EB-2CA6-4EA7-A731-65EEF63512E7}.Release|Any CPU.ActiveCfg = Release|Any CPU
		{770CF8EB-2CA6-4EA7-A731-65EEF63512E7}.Release|Any CPU.Build.0 = Release|Any CPU
	EndGlobalSection
	GlobalSection(SolutionProperties) = preSolution
		HideSolutionNode = FALSE
	EndGlobalSection
	GlobalSection(ExtensibilityGlobals) = postSolution
		SolutionGuid = {87A8D14A-7E60-4EFC-A011-48896FDF2D93}
	EndGlobalSection
EndGlobal
