
Microsoft Visual Studio Solution File, Format Version 12.00
# Visual Studio Version 17
VisualStudioVersion = 17.10.34916.146
MinimumVisualStudioVersion = 10.0.40219.1
Project("{FAE04EC0-301F-11D3-BF4B-00C04F79EFBC}") = "Random", "Random\Random.csproj", "{1042C0CF-FE77-47D2-A368-033B0E1240DA}"
EndProject
Global
	GlobalSection(SolutionConfigurationPlatforms) = preSolution
		Debug|Any CPU = Debug|Any CPU
		Release|Any CPU = Release|Any CPU
	EndGlobalSection
	GlobalSection(ProjectConfigurationPlatforms) = postSolution
		{1042C0CF-FE77-47D2-A368-033B0E1240DA}.Debug|Any CPU.ActiveCfg = Debug|Any CPU
		{1042C0CF-FE77-47D2-A368-033B0E1240DA}.Debug|Any CPU.Build.0 = Debug|Any CPU
		{1042C0CF-FE77-47D2-A368-033B0E1240DA}.Release|Any CPU.ActiveCfg = Release|Any CPU
		{1042C0CF-FE77-47D2-A368-033B0E1240DA}.Release|Any CPU.Build.0 = Release|Any CPU
	EndGlobalSection
	GlobalSection(SolutionProperties) = preSolution
		HideSolutionNode = FALSE
	EndGlobalSection
	GlobalSection(ExtensibilityGlobals) = postSolution
		SolutionGuid = {F71D7FFB-D002-4841-BE0C-4C6577606044}
	EndGlobalSection
EndGlobal
