
Microsoft Visual Studio Solution File, Format Version 12.00
# Visual Studio Version 17
VisualStudioVersion = 17.10.35004.147
MinimumVisualStudioVersion = 10.0.40219.1
Project("{FAE04EC0-301F-11D3-BF4B-00C04F79EFBC}") = "DataBaseTest01", "DataBaseTest01\DataBaseTest01.csproj", "{C45AF9E1-344A-43EE-8742-494FBF9EFCFE}"
EndProject
Global
	GlobalSection(SolutionConfigurationPlatforms) = preSolution
		Debug|Any CPU = Debug|Any CPU
		Release|Any CPU = Release|Any CPU
	EndGlobalSection
	GlobalSection(ProjectConfigurationPlatforms) = postSolution
		{C45AF9E1-344A-43EE-8742-494FBF9EFCFE}.Debug|Any CPU.ActiveCfg = Debug|Any CPU
		{C45AF9E1-344A-43EE-8742-494FBF9EFCFE}.Debug|Any CPU.Build.0 = Debug|Any CPU
		{C45AF9E1-344A-43EE-8742-494FBF9EFCFE}.Release|Any CPU.ActiveCfg = Release|Any CPU
		{C45AF9E1-344A-43EE-8742-494FBF9EFCFE}.Release|Any CPU.Build.0 = Release|Any CPU
	EndGlobalSection
	GlobalSection(SolutionProperties) = preSolution
		HideSolutionNode = FALSE
	EndGlobalSection
	GlobalSection(ExtensibilityGlobals) = postSolution
		SolutionGuid = {16FDF517-83AE-49B2-A8C6-98973BA06D39}
	EndGlobalSection
EndGlobal
