
Microsoft Visual Studio Solution File, Format Version 12.00
# Visual Studio Version 17
VisualStudioVersion = 17.10.34916.146
MinimumVisualStudioVersion = 10.0.40219.1
Project("{FAE04EC0-301F-11D3-BF4B-00C04F79EFBC}") = "Dictionary", "Dictionary\Dictionary.csproj", "{2ECCA44C-E592-49AD-9915-11671A810D2E}"
EndProject
Global
	GlobalSection(SolutionConfigurationPlatforms) = preSolution
		Debug|Any CPU = Debug|Any CPU
		Release|Any CPU = Release|Any CPU
	EndGlobalSection
	GlobalSection(ProjectConfigurationPlatforms) = postSolution
		{2ECCA44C-E592-49AD-9915-11671A810D2E}.Debug|Any CPU.ActiveCfg = Debug|Any CPU
		{2ECCA44C-E592-49AD-9915-11671A810D2E}.Debug|Any CPU.Build.0 = Debug|Any CPU
		{2ECCA44C-E592-49AD-9915-11671A810D2E}.Release|Any CPU.ActiveCfg = Release|Any CPU
		{2ECCA44C-E592-49AD-9915-11671A810D2E}.Release|Any CPU.Build.0 = Release|Any CPU
	EndGlobalSection
	GlobalSection(SolutionProperties) = preSolution
		HideSolutionNode = FALSE
	EndGlobalSection
	GlobalSection(ExtensibilityGlobals) = postSolution
		SolutionGuid = {327A15D0-3A9B-4064-B78F-5EF7F39E2965}
	EndGlobalSection
EndGlobal
